lockfileVersion: '9.0'

settings:
  autoInstallPeers: true
  excludeLinksFromLockfile: false

importers:

  .:
    devDependencies:
      '@types/node':
        specifier: ^24.0.0
        version: 24.13.3
      typescript:
        specifier: ^5.9.0
        version: 5.9.3

  examples:
    dependencies:
      '@ilmek/core':
        specifier: ^0.1.1
        version: 0.1.1
      '@mekik/core':
        specifier: workspace:*
        version: link:../packages/core
      '@mekik/ws':
        specifier: workspace:*
        version: link:../packages/ws
      ws:
        specifier: ^8.18.0
        version: 8.21.1

  packages/core:
    dependencies:
      '@ilmek/core':
        specifier: ^0.1.1
        version: 0.1.1

  packages/ws:
    dependencies:
      '@mekik/core':
        specifier: workspace:*
        version: link:../core
      ws:
        specifier: ^8.18.0
        version: 8.21.1
    devDependencies:
      '@types/ws':
        specifier: ^8.5.0
        version: 8.18.1

packages:

  '@ilmek/core@0.1.1':
    resolution: {integrity: sha512-xzUni+/BdWeyj2H9i+6gtxgDRAOgfOs7eQBllNcIZGw9iCO4X6Q0aLu/yToXPGhpmgc1KYK90uMUfSIqfhtA4Q==}

  '@types/node@24.13.3':
    resolution: {integrity: sha512-Dh8vAsV36ig5wa9OX4pXvMc9D3Veibfw2wix0CUwYODLD8nkj9UsLjASr49nPg+2eKzxhBV+v7L8pXvT4e639Q==}

  '@types/ws@8.18.1':
    resolution: {integrity: sha512-ThVF6DCVhA8kUGy+aazFQ4kXQ7E1Ty7A3ypFOe0IcJV8O/M511G99AW24irKrW56Wt44yG9+ij8FaqoBGkuBXg==}

  typescript@5.9.3:
    resolution: {integrity: sha512-jl1vZzPDinLr9eUt3J/t7V6FgNEw9QjvBPdysz9KfQDD41fQrC2Y4vKQdiaUpFT4bXlb1RHhLpp8wtm6M5TgSw==}
    engines: {node: '>=14.17'}
    hasBin: true

  undici-types@7.18.2:
    resolution: {integrity: sha512-AsuCzffGHJybSaRrmr5eHr81mwJU3kjw6M+uprWvCXiNeN9SOGwQ3Jn8jb8m3Z6izVgknn1R0FTCEAP2QrLY/w==}

  ws@8.21.1:
    resolution: {integrity: sha512-+0NTnW77fFN/DjQi6k/Sq/Yvk4Sgajw7urW8V+asjXnRgDs9gyGkdb7EzgfhA4goXsRIZKE28fzIXBHEzhuiWw==}
    engines: {node: '>=10.0.0'}
    peerDependencies:
      bufferutil: ^4.0.1
      utf-8-validate: '>=5.0.2'
    peerDependenciesMeta:
      bufferutil:
        optional: true
      utf-8-validate:
        optional: true

snapshots:

  '@ilmek/core@0.1.1': {}

  '@types/node@24.13.3':
    dependencies:
      undici-types: 7.18.2

  '@types/ws@8.18.1':
    dependencies:
      '@types/node': 24.13.3

  typescript@5.9.3: {}

  undici-types@7.18.2: {}

  ws@8.21.1: {}
